
Microsoft Visual Studio Solution File, Format Version 11.00
# Visual Studio 2010
Project("{FAE04EC0-301F-11D3-BF4B-00C04F79EFBC}") = "SBW2", "SBW2\SBW2.csproj", "{452FCBE9-B28E-4A67-96BF-E596B77BDF9D}"
EndProject
Project("{FAE04EC0-301F-11D3-BF4B-00C04F79EFBC}") = "SBWAdvClient", "SBWAdvClient\SBWAdvClient.csproj", "{6879F80E-D924-495E-9ECC-E2056A9279E2}"
EndProject
Project("{FAE04EC0-301F-11D3-BF4B-00C04F79EFBC}") = "SBWAPI", "SBWAPI\SBWAPI.csproj", "{A6C57ADD-5DAA-4997-BFA9-017A03D5555E}"
EndProject
Global
	GlobalSection(SolutionConfigurationPlatforms) = preSolution
		Debug|Any CPU = Debug|Any CPU
		Debug|Mixed Platforms = Debug|Mixed Platforms
		Debug|x86 = Debug|x86
		Release|Any CPU = Release|Any CPU
		Release|Mixed Platforms = Release|Mixed Platforms
		Release|x86 = Release|x86
	EndGlobalSection
	GlobalSection(ProjectConfigurationPlatforms) = postSolution
		{452FCBE9-B28E-4A67-96BF-E596B77BDF9D}.Debug|Any CPU.ActiveCfg = Debug|x86
		{452FCBE9-B28E-4A67-96BF-E596B77BDF9D}.Debug|Mixed Platforms.ActiveCfg = Debug|x86
		{452FCBE9-B28E-4A67-96BF-E596B77BDF9D}.Debug|Mixed Platforms.Build.0 = Debug|x86
		{452FCBE9-B28E-4A67-96BF-E596B77BDF9D}.Debug|x86.ActiveCfg = Debug|x86
		{452FCBE9-B28E-4A67-96BF-E596B77BDF9D}.Debug|x86.Build.0 = Debug|x86
		{452FCBE9-B28E-4A67-96BF-E596B77BDF9D}.Release|Any CPU.ActiveCfg = Release|x86
		{452FCBE9-B28E-4A67-96BF-E596B77BDF9D}.Release|Mixed Platforms.ActiveCfg = Release|x86
		{452FCBE9-B28E-4A67-96BF-E596B77BDF9D}.Release|Mixed Platforms.Build.0 = Release|x86
		{452FCBE9-B28E-4A67-96BF-E596B77BDF9D}.Release|x86.ActiveCfg = Release|x86
		{452FCBE9-B28E-4A67-96BF-E596B77BDF9D}.Release|x86.Build.0 = Release|x86
		{6879F80E-D924-495E-9ECC-E2056A9279E2}.Debug|Any CPU.ActiveCfg = Debug|x86
		{6879F80E-D924-495E-9ECC-E2056A9279E2}.Debug|Mixed Platforms.ActiveCfg = Debug|x86
		{6879F80E-D924-495E-9ECC-E2056A9279E2}.Debug|Mixed Platforms.Build.0 = Debug|x86
		{6879F80E-D924-495E-9ECC-E2056A9279E2}.Debug|x86.ActiveCfg = Debug|x86
		{6879F80E-D924-495E-9ECC-E2056A9279E2}.Debug|x86.Build.0 = Debug|x86
		{6879F80E-D924-495E-9ECC-E2056A9279E2}.Release|Any CPU.ActiveCfg = Release|x86
		{6879F80E-D924-495E-9ECC-E2056A9279E2}.Release|Mixed Platforms.ActiveCfg = Release|x86
		{6879F80E-D924-495E-9ECC-E2056A9279E2}.Release|Mixed Platforms.Build.0 = Release|x86
		{6879F80E-D924-495E-9ECC-E2056A9279E2}.Release|x86.ActiveCfg = Release|x86
		{6879F80E-D924-495E-9ECC-E2056A9279E2}.Release|x86.Build.0 = Release|x86
		{A6C57ADD-5DAA-4997-BFA9-017A03D5555E}.Debug|Any CPU.ActiveCfg = Debug|Any CPU
		{A6C57ADD-5DAA-4997-BFA9-017A03D5555E}.Debug|Any CPU.Build.0 = Debug|Any CPU
		{A6C57ADD-5DAA-4997-BFA9-017A03D5555E}.Debug|Mixed Platforms.ActiveCfg = Debug|Any CPU
		{A6C57ADD-5DAA-4997-BFA9-017A03D5555E}.Debug|Mixed Platforms.Build.0 = Debug|Any CPU
		{A6C57ADD-5DAA-4997-BFA9-017A03D5555E}.Debug|x86.ActiveCfg = Debug|Any CPU
		{A6C57ADD-5DAA-4997-BFA9-017A03D5555E}.Release|Any CPU.ActiveCfg = Release|Any CPU
		{A6C57ADD-5DAA-4997-BFA9-017A03D5555E}.Release|Any CPU.Build.0 = Release|Any CPU
		{A6C57ADD-5DAA-4997-BFA9-017A03D5555E}.Release|Mixed Platforms.ActiveCfg = Release|Any CPU
		{A6C57ADD-5DAA-4997-BFA9-017A03D5555E}.Release|Mixed Platforms.Build.0 = Release|Any CPU
		{A6C57ADD-5DAA-4997-BFA9-017A03D5555E}.Release|x86.ActiveCfg = Release|Any CPU
	EndGlobalSection
	GlobalSection(SolutionProperties) = preSolution
		HideSolutionNode = FALSE
	EndGlobalSection
EndGlobal
